// !$*UTF8*$!
{
	archiveVersion = 1;
	classes = {
	};
	objectVersion = 48;
	objects = {

/* Begin PBXBuildFile section */
		000C302120577224001CEF22 /* ExerciseVideoViewController.swift in Sources */ = {isa = PBXBuildFile; fileRef = 000C302020577224001CEF22 /* ExerciseVideoViewController.swift */; };
		00167DB920600F620018B431 /* CustomTableViewCell.swift in Sources */ = {isa = PBXBuildFile; fileRef = 00167DB820600F620018B431 /* CustomTableViewCell.swift */; };
		001A9DB62058E1FD005400F1 /* CustomProgramViewController.swift in Sources */ = {isa = PBXBuildFile; fileRef = 001A9DB52058E1FD005400F1 /* CustomProgramViewController.swift */; };
		001A9DB82058FFEC005400F1 /* CustomProgramCollectionViewCell.swift in Sources */ = {isa = PBXBuildFile; fileRef = 001A9DB72058FFEC005400F1 /* CustomProgramCollectionViewCell.swift */; };
		001A9DBA205900C7005400F1 /* Program.swift in Sources */ = {isa = PBXBuildFile; fileRef = 001A9DB9205900C7005400F1 /* Program.swift */; };
		001A9DBC205904B4005400F1 /* AddProgramViewController.swift in Sources */ = {isa = PBXBuildFile; fileRef = 001A9DBB205904B4005400F1 /* AddProgramViewController.swift */; };
		001A9DC0205906C8005400F1 /* TimerViewController.swift in Sources */ = {isa = PBXBuildFile; fileRef = 001A9DBF205906C8005400F1 /* TimerViewController.swift */; };
		001A9DC6205A7646005400F1 /* CustomBodyPartViewController.swift in Sources */ = {isa = PBXBuildFile; fileRef = 001A9DC5205A7646005400F1 /* CustomBodyPartViewController.swift */; };
		00BE93DB205F9F7B0097ECC9 /* LabelInsets.swift in Sources */ = {isa = PBXBuildFile; fileRef = 00BE93DA205F9F7B0097ECC9 /* LabelInsets.swift */; };
		00D867482056345200AA5E80 /* GoogleService-Info.plist in Resources */ = {isa = PBXBuildFile; fileRef = 00D867472056345200AA5E80 /* GoogleService-Info.plist */; };
		00D8674A2056623200AA5E80 /* Auth.storyboard in Resources */ = {isa = PBXBuildFile; fileRef = 00D867492056623200AA5E80 /* Auth.storyboard */; };
		00E782D5205668D5001554B1 /* DisclaimerViewController.swift in Sources */ = {isa = PBXBuildFile; fileRef = 00E782D4205668D5001554B1 /* DisclaimerViewController.swift */; };
		00E782D620566A73001554B1 /* SignUpViewController.swift in Sources */ = {isa = PBXBuildFile; fileRef = 00E782D220566873001554B1 /* SignUpViewController.swift */; };
		00E782D7205678E0001554B1 /* InitialViewController.swift in Sources */ = {isa = PBXBuildFile; fileRef = FC28C3402056328B003336A2 /* InitialViewController.swift */; };
		00E782D920567BC4001554B1 /* Extensions.swift in Sources */ = {isa = PBXBuildFile; fileRef = 00E782D820567BC4001554B1 /* Extensions.swift */; };
		00E782DB205706D9001554B1 /* LoginViewController.swift in Sources */ = {isa = PBXBuildFile; fileRef = 00E782DA205706D9001554B1 /* LoginViewController.swift */; };
		7AD676E0342604D2E869A968 /* Pods_PhysioApp.framework in Frameworks */ = {isa = PBXBuildFile; fileRef = 11C35223592EEB1AB6910ABB /* Pods_PhysioApp.framework */; };
		FC1AAC41205663B500D4A1C0 /* FavoritesViewController.swift in Sources */ = {isa = PBXBuildFile; fileRef = FC1AAC40205663B500D4A1C0 /* FavoritesViewController.swift */; };
		FC1AAC43205663D100D4A1C0 /* AllProgramsViewController.swift in Sources */ = {isa = PBXBuildFile; fileRef = FC1AAC42205663D100D4A1C0 /* AllProgramsViewController.swift */; };
		FC28C33F2056328B003336A2 /* AppDelegate.swift in Sources */ = {isa = PBXBuildFile; fileRef = FC28C33E2056328B003336A2 /* AppDelegate.swift */; };
		FC28C3462056328B003336A2 /* Assets.xcassets in Resources */ = {isa = PBXBuildFile; fileRef = FC28C3452056328B003336A2 /* Assets.xcassets */; };
		FC28C3492056328B003336A2 /* LaunchScreen.storyboard in Resources */ = {isa = PBXBuildFile; fileRef = FC28C3472056328B003336A2 /* LaunchScreen.storyboard */; };
		FC42181D205A2B4F007B3EBA /* TimerView.xib in Resources */ = {isa = PBXBuildFile; fileRef = FC42181C205A2B4F007B3EBA /* TimerView.xib */; };
		FC42181F205A2B63007B3EBA /* TimerView.swift in Sources */ = {isa = PBXBuildFile; fileRef = FC42181E205A2B63007B3EBA /* TimerView.swift */; };
		FC421821205AC482007B3EBA /* CountdownViewController.swift in Sources */ = {isa = PBXBuildFile; fileRef = FC421820205AC482007B3EBA /* CountdownViewController.swift */; };
		FC96E1C320566F6500BB880C /* Main.storyboard in Resources */ = {isa = PBXBuildFile; fileRef = FC28C3422056328B003336A2 /* Main.storyboard */; };
		FC96E1C52056718300BB880C /* HomeBodyPartViewController.swift in Sources */ = {isa = PBXBuildFile; fileRef = FC96E1C42056718200BB880C /* HomeBodyPartViewController.swift */; };
		FC96E1C72056720200BB880C /* BodyPartCollectionViewCell.swift in Sources */ = {isa = PBXBuildFile; fileRef = FC96E1C62056720200BB880C /* BodyPartCollectionViewCell.swift */; };
		FC96E1C920568EE400BB880C /* BodyPart.swift in Sources */ = {isa = PBXBuildFile; fileRef = FC96E1C820568EE400BB880C /* BodyPart.swift */; };
		FC96E1CB2057816300BB880C /* HomeExerciseViewController.swift in Sources */ = {isa = PBXBuildFile; fileRef = FC96E1CA2057816300BB880C /* HomeExerciseViewController.swift */; };
		FC96E1CD205783D000BB880C /* Exercise.swift in Sources */ = {isa = PBXBuildFile; fileRef = FC96E1CC205783D000BB880C /* Exercise.swift */; };
		FCAE6875205F765D003548C0 /* ExpandableNames.swift in Sources */ = {isa = PBXBuildFile; fileRef = FCAE6874205F765D003548C0 /* ExpandableNames.swift */; };
		FCAE687A205FAFAE003548C0 /* ExerciseTableViewCell.swift in Sources */ = {isa = PBXBuildFile; fileRef = FCAE6878205FAFAE003548C0 /* ExerciseTableViewCell.swift */; };
		FCAE687B205FAFAE003548C0 /* ExerciseTableViewCell.xib in Resources */ = {isa = PBXBuildFile; fileRef = FCAE6879205FAFAE003548C0 /* ExerciseTableViewCell.xib */; };
		FCF9BD8C2057BCA400EC7C61 /* Favorites.swift in Sources */ = {isa = PBXBuildFile; fileRef = FCF9BD8B2057BCA400EC7C61 /* Favorites.swift */; };
/* End PBXBuildFile section */

/* Begin PBXFileReference section */
		000C302020577224001CEF22 /* ExerciseVideoViewController.swift */ = {isa = PBXFileReference; lastKnownFileType = sourcecode.swift; path = ExerciseVideoViewController.swift; sourceTree = "<group>"; };
		00167DB820600F620018B431 /* CustomTableViewCell.swift */ = {isa = PBXFileReference; lastKnownFileType = sourcecode.swift; path = CustomTableViewCell.swift; sourceTree = "<group>"; };
		001A9DB52058E1FD005400F1 /* CustomProgramViewController.swift */ = {isa = PBXFileReference; lastKnownFileType = sourcecode.swift; path = CustomProgramViewController.swift; sourceTree = "<group>"; };
		001A9DB72058FFEC005400F1 /* CustomProgramCollectionViewCell.swift */ = {isa = PBXFileReference; lastKnownFileType = sourcecode.swift; path = CustomProgramCollectionViewCell.swift; sourceTree = "<group>"; };
		001A9DB9205900C7005400F1 /* Program.swift */ = {isa = PBXFileReference; lastKnownFileType = sourcecode.swift; path = Program.swift; sourceTree = "<group>"; };
		001A9DBB205904B4005400F1 /* AddProgramViewController.swift */ = {isa = PBXFileReference; lastKnownFileType = sourcecode.swift; path = AddProgramViewController.swift; sourceTree = "<group>"; };
		001A9DBF205906C8005400F1 /* TimerViewController.swift */ = {isa = PBXFileReference; lastKnownFileType = sourcecode.swift; path = TimerViewController.swift; sourceTree = "<group>"; };
		001A9DC5205A7646005400F1 /* CustomBodyPartViewController.swift */ = {isa = PBXFileReference; lastKnownFileType = sourcecode.swift; path = CustomBodyPartViewController.swift; sourceTree = "<group>"; };
		00BE93DA205F9F7B0097ECC9 /* LabelInsets.swift */ = {isa = PBXFileReference; lastKnownFileType = sourcecode.swift; path = LabelInsets.swift; sourceTree = "<group>"; };
		00D867472056345200AA5E80 /* GoogleService-Info.plist */ = {isa = PBXFileReference; fileEncoding = 4; lastKnownFileType = text.plist.xml; path = "GoogleService-Info.plist"; sourceTree = "<group>"; };
		00D867492056623200AA5E80 /* Auth.storyboard */ = {isa = PBXFileReference; lastKnownFileType = file.storyboard; path = Auth.storyboard; sourceTree = "<group>"; };
		00E782D220566873001554B1 /* SignUpViewController.swift */ = {isa = PBXFileReference; lastKnownFileType = sourcecode.swift; path = SignUpViewController.swift; sourceTree = "<group>"; };
		00E782D4205668D5001554B1 /* DisclaimerViewController.swift */ = {isa = PBXFileReference; lastKnownFileType = sourcecode.swift; path = DisclaimerViewController.swift; sourceTree = "<group>"; };
		00E782D820567BC4001554B1 /* Extensions.swift */ = {isa = PBXFileReference; lastKnownFileType = sourcecode.swift; path = Extensions.swift; sourceTree = "<group>"; };
		00E782DA205706D9001554B1 /* LoginViewController.swift */ = {isa = PBXFileReference; lastKnownFileType = sourcecode.swift; path = LoginViewController.swift; sourceTree = "<group>"; };
		11C35223592EEB1AB6910ABB /* Pods_PhysioApp.framework */ = {isa = PBXFileReference; explicitFileType = wrapper.framework; includeInIndex = 0; path = Pods_PhysioApp.framework; sourceTree = BUILT_PRODUCTS_DIR; };
		2EF3AC66576EBBC400AA83A3 /* Pods-PhysioApp.release.xcconfig */ = {isa = PBXFileReference; includeInIndex = 1; lastKnownFileType = text.xcconfig; name = "Pods-PhysioApp.release.xcconfig"; path = "Pods/Target Support Files/Pods-PhysioApp/Pods-PhysioApp.release.xcconfig"; sourceTree = "<group>"; };
		BE8B64D38082172B32275B21 /* Pods-PhysioApp.debug.xcconfig */ = {isa = PBXFileReference; includeInIndex = 1; lastKnownFileType = text.xcconfig; name = "Pods-PhysioApp.debug.xcconfig"; path = "Pods/Target Support Files/Pods-PhysioApp/Pods-PhysioApp.debug.xcconfig"; sourceTree = "<group>"; };
		FC1AAC40205663B500D4A1C0 /* FavoritesViewController.swift */ = {isa = PBXFileReference; lastKnownFileType = sourcecode.swift; path = FavoritesViewController.swift; sourceTree = "<group>"; };
		FC1AAC42205663D100D4A1C0 /* AllProgramsViewController.swift */ = {isa = PBXFileReference; lastKnownFileType = sourcecode.swift; path = AllProgramsViewController.swift; sourceTree = "<group>"; };
		FC28C33B2056328B003336A2 /* PhysioApp.app */ = {isa = PBXFileReference; explicitFileType = wrapper.application; includeInIndex = 0; path = PhysioApp.app; sourceTree = BUILT_PRODUCTS_DIR; };
		FC28C33E2056328B003336A2 /* AppDelegate.swift */ = {isa = PBXFileReference; lastKnownFileType = sourcecode.swift; path = AppDelegate.swift; sourceTree = "<group>"; };
		FC28C3402056328B003336A2 /* InitialViewController.swift */ = {isa = PBXFileReference; lastKnownFileType = sourcecode.swift; path = InitialViewController.swift; sourceTree = "<group>"; };
		FC28C3432056328B003336A2 /* Base */ = {isa = PBXFileReference; lastKnownFileType = file.storyboard; name = Base; path = Base.lproj/Main.storyboard; sourceTree = "<group>"; };
		FC28C3452056328B003336A2 /* Assets.xcassets */ = {isa = PBXFileReference; lastKnownFileType = folder.assetcatalog; path = Assets.xcassets; sourceTree = "<group>"; };
		FC28C3482056328B003336A2 /* Base */ = {isa = PBXFileReference; lastKnownFileType = file.storyboard; name = Base; path = Base.lproj/LaunchScreen.storyboard; sourceTree = "<group>"; };
		FC28C34A2056328B003336A2 /* Info.plist */ = {isa = PBXFileReference; lastKnownFileType = text.plist.xml; path = Info.plist; sourceTree = "<group>"; };
		FC42181C205A2B4F007B3EBA /* TimerView.xib */ = {isa = PBXFileReference; lastKnownFileType = file.xib; path = TimerView.xib; sourceTree = "<group>"; };
		FC42181E205A2B63007B3EBA /* TimerView.swift */ = {isa = PBXFileReference; lastKnownFileType = sourcecode.swift; path = TimerView.swift; sourceTree = "<group>"; };
		FC421820205AC482007B3EBA /* CountdownViewController.swift */ = {isa = PBXFileReference; lastKnownFileType = sourcecode.swift; path = CountdownViewController.swift; sourceTree = "<group>"; };
		FC96E1C42056718200BB880C /* HomeBodyPartViewController.swift */ = {isa = PBXFileReference; lastKnownFileType = sourcecode.swift; path = HomeBodyPartViewController.swift; sourceTree = "<group>"; };
		FC96E1C62056720200BB880C /* BodyPartCollectionViewCell.swift */ = {isa = PBXFileReference; lastKnownFileType = sourcecode.swift; path = BodyPartCollectionViewCell.swift; sourceTree = "<group>"; };
		FC96E1C820568EE400BB880C /* BodyPart.swift */ = {isa = PBXFileReference; lastKnownFileType = sourcecode.swift; path = BodyPart.swift; sourceTree = "<group>"; };
		FC96E1CA2057816300BB880C /* HomeExerciseViewController.swift */ = {isa = PBXFileReference; lastKnownFileType = sourcecode.swift; path = HomeExerciseViewController.swift; sourceTree = "<group>"; };
		FC96E1CC205783D000BB880C /* Exercise.swift */ = {isa = PBXFileReference; lastKnownFileType = sourcecode.swift; path = Exercise.swift; sourceTree = "<group>"; };
		FCAE6874205F765D003548C0 /* ExpandableNames.swift */ = {isa = PBXFileReference; lastKnownFileType = sourcecode.swift; path = ExpandableNames.swift; sourceTree = "<group>"; };
		FCAE6878205FAFAE003548C0 /* ExerciseTableViewCell.swift */ = {isa = PBXFileReference; lastKnownFileType = sourcecode.swift; path = ExerciseTableViewCell.swift; sourceTree = "<group>"; };
		FCAE6879205FAFAE003548C0 /* ExerciseTableViewCell.xib */ = {isa = PBXFileReference; lastKnownFileType = file.xib; path = ExerciseTableViewCell.xib; sourceTree = "<group>"; };
		FCF9BD8B2057BCA400EC7C61 /* Favorites.swift */ = {isa = PBXFileReference; lastKnownFileType = sourcecode.swift; path = Favorites.swift; sourceTree = "<group>"; };
/* End PBXFileReference section */

/* Begin PBXFrameworksBuildPhase section */
		FC28C3382056328B003336A2 /* Frameworks */ = {
			isa = PBXFrameworksBuildPhase;
			buildActionMask = 2147483647;
			files = (
				7AD676E0342604D2E869A968 /* Pods_PhysioApp.framework in Frameworks */,
			);
			runOnlyForDeploymentPostprocessing = 0;
		};
/* End PBXFrameworksBuildPhase section */

/* Begin PBXGroup section */
		001A9DB42058E1C4005400F1 /* Custom Program */ = {
			isa = PBXGroup;
			children = (
				FC421820205AC482007B3EBA /* CountdownViewController.swift */,
				FC42181C205A2B4F007B3EBA /* TimerView.xib */,
				FC42181E205A2B63007B3EBA /* TimerView.swift */,
				001A9DB52058E1FD005400F1 /* CustomProgramViewController.swift */,
				001A9DBB205904B4005400F1 /* AddProgramViewController.swift */,
				001A9DC5205A7646005400F1 /* CustomBodyPartViewController.swift */,
				001A9DB72058FFEC005400F1 /* CustomProgramCollectionViewCell.swift */,
				001A9DB9205900C7005400F1 /* Program.swift */,
				001A9DBF205906C8005400F1 /* TimerViewController.swift */,
			);
			path = "Custom Program";
			sourceTree = "<group>";
		};
		00D8674E2056645900AA5E80 /* Login & Sign Up */ = {
			isa = PBXGroup;
			children = (
				00D867492056623200AA5E80 /* Auth.storyboard */,
				00E782DA205706D9001554B1 /* LoginViewController.swift */,
				00E782D4205668D5001554B1 /* DisclaimerViewController.swift */,
				00E782D220566873001554B1 /* SignUpViewController.swift */,
				FC28C3402056328B003336A2 /* InitialViewController.swift */,
			);
			path = "Login & Sign Up";
			sourceTree = "<group>";
		};
		0E770CA14CDE8F7478814857 /* Frameworks */ = {
			isa = PBXGroup;
			children = (
				11C35223592EEB1AB6910ABB /* Pods_PhysioApp.framework */,
			);
			name = Frameworks;
			sourceTree = "<group>";
		};
		25E8236C8F5A7EE1AD033C71 /* Pods */ = {
			isa = PBXGroup;
			children = (
				BE8B64D38082172B32275B21 /* Pods-PhysioApp.debug.xcconfig */,
				2EF3AC66576EBBC400AA83A3 /* Pods-PhysioApp.release.xcconfig */,
			);
			name = Pods;
			sourceTree = "<group>";
		};
		FC1AAC4620566AA700D4A1C0 /* Exercises */ = {
			isa = PBXGroup;
			children = (
				FC96E1C42056718200BB880C /* HomeBodyPartViewController.swift */,
				FC96E1C62056720200BB880C /* BodyPartCollectionViewCell.swift */,
				FC96E1C820568EE400BB880C /* BodyPart.swift */,
				FC96E1CA2057816300BB880C /* HomeExerciseViewController.swift */,
				FC96E1CC205783D000BB880C /* Exercise.swift */,
			);
			path = Exercises;
			sourceTree = "<group>";
		};
		FC28C3322056328B003336A2 = {
			isa = PBXGroup;
			children = (
				FC28C33D2056328B003336A2 /* PhysioApp */,
				FC28C33C2056328B003336A2 /* Products */,
				25E8236C8F5A7EE1AD033C71 /* Pods */,
				0E770CA14CDE8F7478814857 /* Frameworks */,
			);
			sourceTree = "<group>";
		};
		FC28C33C2056328B003336A2 /* Products */ = {
			isa = PBXGroup;
			children = (
				FC28C33B2056328B003336A2 /* PhysioApp.app */,
			);
			name = Products;
			sourceTree = "<group>";
		};
		FC28C33D2056328B003336A2 /* PhysioApp */ = {
			isa = PBXGroup;
			children = (
				FC28C33E2056328B003336A2 /* AppDelegate.swift */,
				00E782D820567BC4001554B1 /* Extensions.swift */,
				00167DB820600F620018B431 /* CustomTableViewCell.swift */,
				00D8674E2056645900AA5E80 /* Login & Sign Up */,
				FC1AAC4620566AA700D4A1C0 /* Exercises */,
				FC28C3422056328B003336A2 /* Main.storyboard */,
				000C302020577224001CEF22 /* ExerciseVideoViewController.swift */,
				00BE93DA205F9F7B0097ECC9 /* LabelInsets.swift */,
				FC1AAC40205663B500D4A1C0 /* FavoritesViewController.swift */,
				FCF9BD8B2057BCA400EC7C61 /* Favorites.swift */,
				FCAE6878205FAFAE003548C0 /* ExerciseTableViewCell.swift */,
				FCAE6879205FAFAE003548C0 /* ExerciseTableViewCell.xib */,
				FCAE6874205F765D003548C0 /* ExpandableNames.swift */,
				FC1AAC42205663D100D4A1C0 /* AllProgramsViewController.swift */,
				FC28C3452056328B003336A2 /* Assets.xcassets */,
				FC28C3472056328B003336A2 /* LaunchScreen.storyboard */,
				FC28C34A2056328B003336A2 /* Info.plist */,
				00D867472056345200AA5E80 /* GoogleService-Info.plist */,
				001A9DB42058E1C4005400F1 /* Custom Program */,
			);
			path = PhysioApp;
			sourceTree = "<group>";
		};
/* End PBXGroup section */

/* Begin PBXNativeTarget section */
		FC28C33A2056328B003336A2 /* PhysioApp */ = {
			isa = PBXNativeTarget;
			buildConfigurationList = FC28C34D2056328B003336A2 /* Build configuration list for PBXNativeTarget "PhysioApp" */;
			buildPhases = (
				BC6DB5A2C769F687BD624D2B /* [CP] Check Pods Manifest.lock */,
				FC28C3372056328B003336A2 /* Sources */,
				FC28C3382056328B003336A2 /* Frameworks */,
				FC28C3392056328B003336A2 /* Resources */,
				166FA998BAE49802217DDDF3 /* [CP] Embed Pods Frameworks */,
				B2C2CF48E98DD8C196FE710D /* [CP] Copy Pods Resources */,
			);
			buildRules = (
			);
			dependencies = (
			);
			name = PhysioApp;
			productName = PhysioApp;
			productReference = FC28C33B2056328B003336A2 /* PhysioApp.app */;
			productType = "com.apple.product-type.application";
		};
/* End PBXNativeTarget section */

/* Begin PBXProject section */
		FC28C3332056328B003336A2 /* Project object */ = {
			isa = PBXProject;
			attributes = {
				LastSwiftUpdateCheck = 0920;
				LastUpgradeCheck = 0920;
				ORGANIZATIONNAME = "Philip Teow";
				TargetAttributes = {
					FC28C33A2056328B003336A2 = {
						CreatedOnToolsVersion = 9.2;
						ProvisioningStyle = Automatic;
					};
				};
			};
			buildConfigurationList = FC28C3362056328B003336A2 /* Build configuration list for PBXProject "PhysioApp" */;
			compatibilityVersion = "Xcode 8.0";
			developmentRegion = en;
			hasScannedForEncodings = 0;
			knownRegions = (
				en,
				Base,
			);
			mainGroup = FC28C3322056328B003336A2;
			productRefGroup = FC28C33C2056328B003336A2 /* Products */;
			projectDirPath = "";
			projectRoot = "";
			targets = (
				FC28C33A2056328B003336A2 /* PhysioApp */,
			);
		};
/* End PBXProject section */

/* Begin PBXResourcesBuildPhase section */
		FC28C3392056328B003336A2 /* Resources */ = {
			isa = PBXResourcesBuildPhase;
			buildActionMask = 2147483647;
			files = (
				FC96E1C320566F6500BB880C /* Main.storyboard in Resources */,
				00D867482056345200AA5E80 /* GoogleService-Info.plist in Resources */,
				FC28C3492056328B003336A2 /* LaunchScreen.storyboard in Resources */,
				FC28C3462056328B003336A2 /* Assets.xcassets in Resources */,
				FCAE687B205FAFAE003548C0 /* ExerciseTableViewCell.xib in Resources */,
				FC42181D205A2B4F007B3EBA /* TimerView.xib in Resources */,
				00D8674A2056623200AA5E80 /* Auth.storyboard in Resources */,
			);
			runOnlyForDeploymentPostprocessing = 0;
		};
/* End PBXResourcesBuildPhase section */

/* Begin PBXShellScriptBuildPhase section */
		166FA998BAE49802217DDDF3 /* [CP] Embed Pods Frameworks */ = {
			isa = PBXShellScriptBuildPhase;
			buildActionMask = 2147483647;
			files = (
			);
			inputPaths = (
				"${SRCROOT}/Pods/Target Support Files/Pods-PhysioApp/Pods-PhysioApp-frameworks.sh",
				"${BUILT_PRODUCTS_DIR}/CountdownLabel/CountdownLabel.framework",
				"${BUILT_PRODUCTS_DIR}/DLLocalNotifications/DLLocalNotifications.framework",
				"${BUILT_PRODUCTS_DIR}/GTMSessionFetcher/GTMSessionFetcher.framework",
				"${BUILT_PRODUCTS_DIR}/GoogleToolboxForMac/GoogleToolboxForMac.framework",
				"${BUILT_PRODUCTS_DIR}/leveldb-library/leveldb.framework",
				"${BUILT_PRODUCTS_DIR}/nanopb/nanopb.framework",
			);
			name = "[CP] Embed Pods Frameworks";
			outputPaths = (
				"${TARGET_BUILD_DIR}/${FRAMEWORKS_FOLDER_PATH}/CountdownLabel.framework",
				"${TARGET_BUILD_DIR}/${FRAMEWORKS_FOLDER_PATH}/DLLocalNotifications.framework",
				"${TARGET_BUILD_DIR}/${FRAMEWORKS_FOLDER_PATH}/GTMSessionFetcher.framework",
				"${TARGET_BUILD_DIR}/${FRAMEWORKS_FOLDER_PATH}/GoogleToolboxForMac.framework",
				"${TARGET_BUILD_DIR}/${FRAMEWORKS_FOLDER_PATH}/leveldb.framework",
				"${TARGET_BUILD_DIR}/${FRAMEWORKS_FOLDER_PATH}/nanopb.framework",
			);
			runOnlyForDeploymentPostprocessing = 0;
			shellPath = /bin/sh;
			shellScript = "\"${SRCROOT}/Pods/Target Support Files/Pods-PhysioApp/Pods-PhysioApp-frameworks.sh\"\n";
			showEnvVarsInLog = 0;
		};
		B2C2CF48E98DD8C196FE710D /* [CP] Copy Pods Resources */ = {
			isa = PBXShellScriptBuildPhase;
			buildActionMask = 2147483647;
			files = (
			);
			inputPaths = (
			);
			name = "[CP] Copy Pods Resources";
			outputPaths = (
			);
			runOnlyForDeploymentPostprocessing = 0;
			shellPath = /bin/sh;
			shellScript = "\"${SRCROOT}/Pods/Target Support Files/Pods-PhysioApp/Pods-PhysioApp-resources.sh\"\n";
			showEnvVarsInLog = 0;
		};
		BC6DB5A2C769F687BD624D2B /* [CP] Check Pods Manifest.lock */ = {
			isa = PBXShellScriptBuildPhase;
			buildActionMask = 2147483647;
			files = (
			);
			inputPaths = (
				"${PODS_PODFILE_DIR_PATH}/Podfile.lock",
				"${PODS_ROOT}/Manifest.lock",
			);
			name = "[CP] Check Pods Manifest.lock";
			outputPaths = (
				"$(DERIVED_FILE_DIR)/Pods-PhysioApp-checkManifestLockResult.txt",
			);
			runOnlyForDeploymentPostprocessing = 0;
			shellPath = /bin/sh;
			shellScript = "diff \"${PODS_PODFILE_DIR_PATH}/Podfile.lock\" \"${PODS_ROOT}/Manifest.lock\" > /dev/null\nif [ $? != 0 ] ; then\n    # print error to STDERR\n    echo \"error: The sandbox is not in sync with the Podfile.lock. Run 'pod install' or update your CocoaPods installation.\" >&2\n    exit 1\nfi\n# This output is used by Xcode 'outputs' to avoid re-running this script phase.\necho \"SUCCESS\" > \"${SCRIPT_OUTPUT_FILE_0}\"\n";
			showEnvVarsInLog = 0;
		};
/* End PBXShellScriptBuildPhase section */

/* Begin PBXSourcesBuildPhase section */
		FC28C3372056328B003336A2 /* Sources */ = {
			isa = PBXSourcesBuildPhase;
			buildActionMask = 2147483647;
			files = (
				FCAE6875205F765D003548C0 /* ExpandableNames.swift in Sources */,
				001A9DC0205906C8005400F1 /* TimerViewController.swift in Sources */,
				00E782D7205678E0001554B1 /* InitialViewController.swift in Sources */,
				00E782D620566A73001554B1 /* SignUpViewController.swift in Sources */,
				FC96E1C72056720200BB880C /* BodyPartCollectionViewCell.swift in Sources */,
				FCF9BD8C2057BCA400EC7C61 /* Favorites.swift in Sources */,
				00E782D920567BC4001554B1 /* Extensions.swift in Sources */,
				001A9DC6205A7646005400F1 /* CustomBodyPartViewController.swift in Sources */,
				FC42181F205A2B63007B3EBA /* TimerView.swift in Sources */,
				FC1AAC43205663D100D4A1C0 /* AllProgramsViewController.swift in Sources */,
				00BE93DB205F9F7B0097ECC9 /* LabelInsets.swift in Sources */,
				00E782DB205706D9001554B1 /* LoginViewController.swift in Sources */,
				FC96E1CB2057816300BB880C /* HomeExerciseViewController.swift in Sources */,
				001A9DBA205900C7005400F1 /* Program.swift in Sources */,
				FC1AAC41205663B500D4A1C0 /* FavoritesViewController.swift in Sources */,
				00E782D5205668D5001554B1 /* DisclaimerViewController.swift in Sources */,
				001A9DB62058E1FD005400F1 /* CustomProgramViewController.swift in Sources */,
				001A9DB82058FFEC005400F1 /* CustomProgramCollectionViewCell.swift in Sources */,
				00167DB920600F620018B431 /* CustomTableViewCell.swift in Sources */,
				FC96E1CD205783D000BB880C /* Exercise.swift in Sources */,
				001A9DBC205904B4005400F1 /* AddProgramViewController.swift in Sources */,
				FC96E1C52056718300BB880C /* HomeBodyPartViewController.swift in Sources */,
				FCAE687A205FAFAE003548C0 /* ExerciseTableViewCell.swift in Sources */,
				FC96E1C920568EE400BB880C /* BodyPart.swift in Sources */,
				000C302120577224001CEF22 /* ExerciseVideoViewController.swift in Sources */,
				FC28C33F2056328B003336A2 /* AppDelegate.swift in Sources */,
				FC421821205AC482007B3EBA /* CountdownViewController.swift in Sources */,
			);
			runOnlyForDeploymentPostprocessing = 0;
		};
/* End PBXSourcesBuildPhase section */

/* Begin PBXVariantGroup section */
		FC28C3422056328B003336A2 /* Main.storyboard */ = {
			isa = PBXVariantGroup;
			children = (
				FC28C3432056328B003336A2 /* Base */,
			);
			name = Main.storyboard;
			sourceTree = "<group>";
		};
		FC28C3472056328B003336A2 /* LaunchScreen.storyboard */ = {
			isa = PBXVariantGroup;
			children = (
				FC28C3482056328B003336A2 /* Base */,
			);
			name = LaunchScreen.storyboard;
			sourceTree = "<group>";
		};
/* End PBXVariantGroup section */

/* Begin XCBuildConfiguration section */
		FC28C34B2056328B003336A2 /* Debug */ = {
			isa = XCBuildConfiguration;
			buildSettings = {
				ALWAYS_SEARCH_USER_PATHS = NO;
				CLANG_ANALYZER_NONNULL = YES;
				CLANG_ANALYZER_NUMBER_OBJECT_CONVERSION = YES_AGGRESSIVE;
				CLANG_CXX_LANGUAGE_STANDARD = "gnu++14";
				CLANG_CXX_LIBRARY = "libc++";
				CLANG_ENABLE_MODULES = YES;
				CLANG_ENABLE_OBJC_ARC = YES;
				CLANG_WARN_BLOCK_CAPTURE_AUTORELEASING = YES;
				CLANG_WARN_BOOL_CONVERSION = YES;
				CLANG_WARN_COMMA = YES;
				CLANG_WARN_CONSTANT_CONVERSION = YES;
				CLANG_WARN_DIRECT_OBJC_ISA_USAGE = YES_ERROR;
				CLANG_WARN_DOCUMENTATION_COMMENTS = YES;
				CLANG_WARN_EMPTY_BODY = YES;
				CLANG_WARN_ENUM_CONVERSION = YES;
				CLANG_WARN_INFINITE_RECURSION = YES;
				CLANG_WARN_INT_CONVERSION = YES;
				CLANG_WARN_NON_LITERAL_NULL_CONVERSION = YES;
				CLANG_WARN_OBJC_LITERAL_CONVERSION = YES;
				CLANG_WARN_OBJC_ROOT_CLASS = YES_ERROR;
				CLANG_WARN_RANGE_LOOP_ANALYSIS = YES;
				CLANG_WARN_STRICT_PROTOTYPES = YES;
				CLANG_WARN_SUSPICIOUS_MOVE = YES;
				CLANG_WARN_UNGUARDED_AVAILABILITY = YES_AGGRESSIVE;
				CLANG_WARN_UNREACHABLE_CODE = YES;
				CLANG_WARN__DUPLICATE_METHOD_MATCH = YES;
				CODE_SIGN_IDENTITY = "iPhone Developer";
				COPY_PHASE_STRIP = NO;
				DEBUG_INFORMATION_FORMAT = dwarf;
				ENABLE_STRICT_OBJC_MSGSEND = YES;
				ENABLE_TESTABILITY = YES;
				GCC_C_LANGUAGE_STANDARD = gnu11;
				GCC_DYNAMIC_NO_PIC = NO;
				GCC_NO_COMMON_BLOCKS = YES;
				GCC_OPTIMIZATION_LEVEL = 0;
				GCC_PREPROCESSOR_DEFINITIONS = (
					"DEBUG=1",
					"$(inherited)",
				);
				GCC_WARN_64_TO_32_BIT_CONVERSION = YES;
				GCC_WARN_ABOUT_RETURN_TYPE = YES_ERROR;
				GCC_WARN_UNDECLARED_SELECTOR = YES;
				GCC_WARN_UNINITIALIZED_AUTOS = YES_AGGRESSIVE;
				GCC_WARN_UNUSED_FUNCTION = YES;
				GCC_WARN_UNUSED_VARIABLE = YES;
				IPHONEOS_DEPLOYMENT_TARGET = 11.2;
				MTL_ENABLE_DEBUG_INFO = YES;
				ONLY_ACTIVE_ARCH = YES;
				SDKROOT = iphoneos;
				SWIFT_ACTIVE_COMPILATION_CONDITIONS = DEBUG;
				SWIFT_OPTIMIZATION_LEVEL = "-Onone";
			};
			name = Debug;
		};
		FC28C34C2056328B003336A2 /* Release */ = {
			isa = XCBuildConfiguration;
			buildSettings = {
				ALWAYS_SEARCH_USER_PATHS = NO;
				CLANG_ANALYZER_NONNULL = YES;
				CLANG_ANALYZER_NUMBER_OBJECT_CONVERSION = YES_AGGRESSIVE;
				CLANG_CXX_LANGUAGE_STANDARD = "gnu++14";
				CLANG_CXX_LIBRARY = "libc++";
				CLANG_ENABLE_MODULES = YES;
				CLANG_ENABLE_OBJC_ARC = YES;
				CLANG_WARN_BLOCK_CAPTURE_AUTORELEASING = YES;
				CLANG_WARN_BOOL_CONVERSION = YES;
				CLANG_WARN_COMMA = YES;
				CLANG_WARN_CONSTANT_CONVERSION = YES;
				CLANG_WARN_DIRECT_OBJC_ISA_USAGE = YES_ERROR;
				CLANG_WARN_DOCUMENTATION_COMMENTS = YES;
				CLANG_WARN_EMPTY_BODY = YES;
				CLANG_WARN_ENUM_CONVERSION = YES;
				CLANG_WARN_INFINITE_RECURSION = YES;
				CLANG_WARN_INT_CONVERSION = YES;
				CLANG_WARN_NON_LITERAL_NULL_CONVERSION = YES;
				CLANG_WARN_OBJC_LITERAL_CONVERSION = YES;
				CLANG_WARN_OBJC_ROOT_CLASS = YES_ERROR;
				CLANG_WARN_RANGE_LOOP_ANALYSIS = YES;
				CLANG_WARN_STRICT_PROTOTYPES = YES;
				CLANG_WARN_SUSPICIOUS_MOVE = YES;
				CLANG_WARN_UNGUARDED_AVAILABILITY = YES_AGGRESSIVE;
				CLANG_WARN_UNREACHABLE_CODE = YES;
				CLANG_WARN__DUPLICATE_METHOD_MATCH = YES;
				CODE_SIGN_IDENTITY = "iPhone Developer";
				COPY_PHASE_STRIP = NO;
				DEBUG_INFORMATION_FORMAT = "dwarf-with-dsym";
				ENABLE_NS_ASSERTIONS = NO;
				ENABLE_STRICT_OBJC_MSGSEND = YES;
				GCC_C_LANGUAGE_STANDARD = gnu11;
				GCC_NO_COMMON_BLOCKS = YES;
				GCC_WARN_64_TO_32_BIT_CONVERSION = YES;
				GCC_WARN_ABOUT_RETURN_TYPE = YES_ERROR;
				GCC_WARN_UNDECLARED_SELECTOR = YES;
				GCC_WARN_UNINITIALIZED_AUTOS = YES_AGGRESSIVE;
				GCC_WARN_UNUSED_FUNCTION = YES;
				GCC_WARN_UNUSED_VARIABLE = YES;
				IPHONEOS_DEPLOYMENT_TARGET = 11.2;
				MTL_ENABLE_DEBUG_INFO = NO;
				SDKROOT = iphoneos;
				SWIFT_OPTIMIZATION_LEVEL = "-Owholemodule";
				VALIDATE_PRODUCT = YES;
			};
			name = Release;
		};
		FC28C34E2056328B003336A2 /* Debug */ = {
			isa = XCBuildConfiguration;
			baseConfigurationReference = BE8B64D38082172B32275B21 /* Pods-PhysioApp.debug.xcconfig */;
			buildSettings = {
				ASSETCATALOG_COMPILER_APPICON_NAME = AppIcon;
				CODE_SIGN_STYLE = Automatic;
				INFOPLIST_FILE = PhysioApp/Info.plist;
				LD_RUNPATH_SEARCH_PATHS = "$(inherited) @executable_path/Frameworks";
				PRODUCT_BUNDLE_IDENTIFIER = philipteow.PhysioApp;
				PRODUCT_NAME = "$(TARGET_NAME)";
				SWIFT_VERSION = 4.0;
				TARGETED_DEVICE_FAMILY = "1,2";
			};
			name = Debug;
		};
		FC28C34F2056328B003336A2 /* Release */ = {
			isa = XCBuildConfiguration;
			baseConfigurationReference = 2EF3AC66576EBBC400AA83A3 /* Pods-PhysioApp.release.xcconfig */;
			buildSettings = {
				ASSETCATALOG_COMPILER_APPICON_NAME = AppIcon;
				CODE_SIGN_STYLE = Automatic;
				INFOPLIST_FILE = PhysioApp/Info.plist;
				LD_RUNPATH_SEARCH_PATHS = "$(inherited) @executable_path/Frameworks";
				PRODUCT_BUNDLE_IDENTIFIER = philipteow.PhysioApp;
				PRODUCT_NAME = "$(TARGET_NAME)";
				SWIFT_VERSION = 4.0;
				TARGETED_DEVICE_FAMILY = "1,2";
			};
			name = Release;
		};
/* End XCBuildConfiguration section */

/* Begin XCConfigurationList section */
		FC28C3362056328B003336A2 /* Build configuration list for PBXProject "PhysioApp" */ = {
			isa = XCConfigurationList;
			buildConfigurations = (
				FC28C34B2056328B003336A2 /* Debug */,
				FC28C34C2056328B003336A2 /* Release */,
			);
			defaultConfigurationIsVisible = 0;
			defaultConfigurationName = Release;
		};
		FC28C34D2056328B003336A2 /* Build configuration list for PBXNativeTarget "PhysioApp" */ = {
			isa = XCConfigurationList;
			buildConfigurations = (
				FC28C34E2056328B003336A2 /* Debug */,
				FC28C34F2056328B003336A2 /* Release */,
			);
			defaultConfigurationIsVisible = 0;
			defaultConfigurationName = Release;
		};
/* End XCConfigurationList section */
	};
	rootObject = FC28C3332056328B003336A2 /* Project object */;
}
